
Microsoft Visual Studio Solution File, Format Version 12.00
# Visual Studio Version 17
VisualStudioVersion = 17.8.34316.72
MinimumVisualStudioVersion = 10.0.40219.1
Project("{FAE04EC0-301F-11D3-BF4B-00C04F79EFBC}") = "BlackJackConsoleApp", "BlackJackConsoleApp\BlackJackConsoleApp.csproj", "{33AEF231-7646-42FD-A653-7E5FB03BE38E}"
EndProject
Global
	GlobalSection(SolutionConfigurationPlatforms) = preSolution
		Debug|Any CPU = Debug|Any CPU
		Release|Any CPU = Release|Any CPU
	EndGlobalSection
	GlobalSection(ProjectConfigurationPlatforms) = postSolution
		{33AEF231-7646-42FD-A653-7E5FB03BE38E}.Debug|Any CPU.ActiveCfg = Debug|Any CPU
		{33AEF231-7646-42FD-A653-7E5FB03BE38E}.Debug|Any CPU.Build.0 = Debug|Any CPU
		{33AEF231-7646-42FD-A653-7E5FB03BE38E}.Release|Any CPU.ActiveCfg = Release|Any CPU
		{33AEF231-7646-42FD-A653-7E5FB03BE38E}.Release|Any CPU.Build.0 = Release|Any CPU
	EndGlobalSection
	GlobalSection(SolutionProperties) = preSolution
		HideSolutionNode = FALSE
	EndGlobalSection
	GlobalSection(ExtensibilityGlobals) = postSolution
		SolutionGuid = {60584B4F-BEBE-4ADA-B421-5286CE72767F}
	EndGlobalSection
EndGlobal
